
Microsoft Visual Studio Solution File, Format Version 12.00
# Visual Studio Version 17
VisualStudioVersion = 17.0.32014.148
MinimumVisualStudioVersion = 10.0.40219.1
Project("{FAE04EC0-301F-11D3-BF4B-00C04F79EFBC}") = "KaracadanWebApp", "KaracadanWebApp\KaracadanWebApp.csproj", "{C2FF35AF-FAAB-4419-95F8-995AF31AF164}"
EndProject
Global
	GlobalSection(SolutionConfigurationPlatforms) = preSolution
		Debug|Any CPU = Debug|Any CPU
		Release|Any CPU = Release|Any CPU
	EndGlobalSection
	GlobalSection(ProjectConfigurationPlatforms) = postSolution
		{C2FF35AF-FAAB-4419-95F8-995AF31AF164}.Debug|Any CPU.ActiveCfg = Debug|Any CPU
		{C2FF35AF-FAAB-4419-95F8-995AF31AF164}.Debug|Any CPU.Build.0 = Debug|Any CPU
		{C2FF35AF-FAAB-4419-95F8-995AF31AF164}.Release|Any CPU.ActiveCfg = Release|Any CPU
		{C2FF35AF-FAAB-4419-95F8-995AF31AF164}.Release|Any CPU.Build.0 = Release|Any CPU
	EndGlobalSection
	GlobalSection(SolutionProperties) = preSolution
		HideSolutionNode = FALSE
	EndGlobalSection
	GlobalSection(ExtensibilityGlobals) = postSolution
		SolutionGuid = {EC078430-C355-4F6C-B119-3CC002A86979}
	EndGlobalSection
EndGlobal
